// !$*UTF8*$!
{
	archiveVersion = 1;
	classes = {
	};
	objectVersion = 56;
	objects = {

/* Begin PBXBuildFile section */
		1B3818712B34702A0057A817 /* LandmarkList.swift in Sources */ = {isa = PBXBuildFile; fileRef = 1B3818702B34702A0057A817 /* LandmarkList.swift */; };
		1B3818732B3474370057A817 /* LandmarkDetail.swift in Sources */ = {isa = PBXBuildFile; fileRef = 1B3818722B3474370057A817 /* LandmarkDetail.swift */; };
		1B3818752B357E1B0057A817 /* FavoriteButton.swift in Sources */ = {isa = PBXBuildFile; fileRef = 1B3818742B357E1B0057A817 /* FavoriteButton.swift */; };
		1B6A6BE92B30733100ECF91C /* CircleImage.swift in Sources */ = {isa = PBXBuildFile; fileRef = 1B6A6BE82B30733100ECF91C /* CircleImage.swift */; };
		1B6A6BEB2B30744400ECF91C /* MapView.swift in Sources */ = {isa = PBXBuildFile; fileRef = 1B6A6BEA2B30744400ECF91C /* MapView.swift */; };
		1B6A6BFB2B307BFF00ECF91C /* landmarkData.json in Resources */ = {isa = PBXBuildFile; fileRef = 1B6A6BEC2B307BFF00ECF91C /* landmarkData.json */; };
		1B6A6BFC2B307BFF00ECF91C /* umbagog@2x.jpg in Resources */ = {isa = PBXBuildFile; fileRef = 1B6A6BEE2B307BFF00ECF91C /* umbagog@2x.jpg */; };
		1B6A6BFD2B307BFF00ECF91C /* twinlake@2x.jpg in Resources */ = {isa = PBXBuildFile; fileRef = 1B6A6BEF2B307BFF00ECF91C /* twinlake@2x.jpg */; };
		1B6A6BFE2B307BFF00ECF91C /* chincoteague@2x.jpg in Resources */ = {isa = PBXBuildFile; fileRef = 1B6A6BF02B307BFF00ECF91C /* chincoteague@2x.jpg */; };
		1B6A6BFF2B307BFF00ECF91C /* lakemcdonald@2x.jpg in Resources */ = {isa = PBXBuildFile; fileRef = 1B6A6BF12B307BFF00ECF91C /* lakemcdonald@2x.jpg */; };
		1B6A6C002B307BFF00ECF91C /* silversalmoncreek@2x.jpg in Resources */ = {isa = PBXBuildFile; fileRef = 1B6A6BF22B307BFF00ECF91C /* silversalmoncreek@2x.jpg */; };
		1B6A6C012B307BFF00ECF91C /* icybay@2x.jpg in Resources */ = {isa = PBXBuildFile; fileRef = 1B6A6BF32B307BFF00ECF91C /* icybay@2x.jpg */; };
		1B6A6C022B307BFF00ECF91C /* hiddenlake@2x.jpg in Resources */ = {isa = PBXBuildFile; fileRef = 1B6A6BF42B307BFF00ECF91C /* hiddenlake@2x.jpg */; };
		1B6A6C032B307BFF00ECF91C /* chilkoottrail@2x.jpg in Resources */ = {isa = PBXBuildFile; fileRef = 1B6A6BF52B307BFF00ECF91C /* chilkoottrail@2x.jpg */; };
		1B6A6C042B307BFF00ECF91C /* stmarylake@2x.jpg in Resources */ = {isa = PBXBuildFile; fileRef = 1B6A6BF62B307BFF00ECF91C /* stmarylake@2x.jpg */; };
		1B6A6C052B307BFF00ECF91C /* charleyrivers@2x.jpg in Resources */ = {isa = PBXBuildFile; fileRef = 1B6A6BF72B307BFF00ECF91C /* charleyrivers@2x.jpg */; };
		1B6A6C062B307BFF00ECF91C /* rainbowlake@2x.jpg in Resources */ = {isa = PBXBuildFile; fileRef = 1B6A6BF82B307BFF00ECF91C /* rainbowlake@2x.jpg */; };
		1B6A6C092B307C1C00ECF91C /* Landmark.swift in Sources */ = {isa = PBXBuildFile; fileRef = 1B6A6C082B307C1C00ECF91C /* Landmark.swift */; };
		1B6A6C0B2B307F3500ECF91C /* ModelData.swift in Sources */ = {isa = PBXBuildFile; fileRef = 1B6A6C0A2B307F3500ECF91C /* ModelData.swift */; };
		1B6A6C132B3081B000ECF91C /* LandmarkRow.swift in Sources */ = {isa = PBXBuildFile; fileRef = 1B6A6C122B3081B000ECF91C /* LandmarkRow.swift */; };
		1BC8232C2B35B33600D23EAF /* UserDefaultsWrapper.swift in Sources */ = {isa = PBXBuildFile; fileRef = 1BC8232B2B35B33600D23EAF /* UserDefaultsWrapper.swift */; };
		1BF50F9D2B30543D00848377 /* SwiftUIFirstApp.swift in Sources */ = {isa = PBXBuildFile; fileRef = 1BF50F9C2B30543D00848377 /* SwiftUIFirstApp.swift */; };
		1BF50F9F2B30543D00848377 /* ContentView.swift in Sources */ = {isa = PBXBuildFile; fileRef = 1BF50F9E2B30543D00848377 /* ContentView.swift */; };
		1BF50FA12B30543E00848377 /* Assets.xcassets in Resources */ = {isa = PBXBuildFile; fileRef = 1BF50FA02B30543E00848377 /* Assets.xcassets */; };
		1BF50FA42B30543E00848377 /* Preview Assets.xcassets in Resources */ = {isa = PBXBuildFile; fileRef = 1BF50FA32B30543E00848377 /* Preview Assets.xcassets */; };
		1BF50FAE2B30543E00848377 /* SwiftUIFirstTests.swift in Sources */ = {isa = PBXBuildFile; fileRef = 1BF50FAD2B30543E00848377 /* SwiftUIFirstTests.swift */; };
		1BF50FB82B30543E00848377 /* SwiftUIFirstUITests.swift in Sources */ = {isa = PBXBuildFile; fileRef = 1BF50FB72B30543E00848377 /* SwiftUIFirstUITests.swift */; };
		1BF50FBA2B30543E00848377 /* SwiftUIFirstUITestsLaunchTests.swift in Sources */ = {isa = PBXBuildFile; fileRef = 1BF50FB92B30543E00848377 /* SwiftUIFirstUITestsLaunchTests.swift */; };
/* End PBXBuildFile section */

/* Begin PBXContainerItemProxy section */
		1BF50FAA2B30543E00848377 /* PBXContainerItemProxy */ = {
			isa = PBXContainerItemProxy;
			containerPortal = 1BF50F912B30543D00848377 /* Project object */;
			proxyType = 1;
			remoteGlobalIDString = 1BF50F982B30543D00848377;
			remoteInfo = SwiftUIFirst;
		};
		1BF50FB42B30543E00848377 /* PBXContainerItemProxy */ = {
			isa = PBXContainerItemProxy;
			containerPortal = 1BF50F912B30543D00848377 /* Project object */;
			proxyType = 1;
			remoteGlobalIDString = 1BF50F982B30543D00848377;
			remoteInfo = SwiftUIFirst;
		};
/* End PBXContainerItemProxy section */

/* Begin PBXFileReference section */
		1B3818702B34702A0057A817 /* LandmarkList.swift */ = {isa = PBXFileReference; lastKnownFileType = sourcecode.swift; path = LandmarkList.swift; sourceTree = "<group>"; };
		1B3818722B3474370057A817 /* LandmarkDetail.swift */ = {isa = PBXFileReference; lastKnownFileType = sourcecode.swift; path = LandmarkDetail.swift; sourceTree = "<group>"; };
		1B3818742B357E1B0057A817 /* FavoriteButton.swift */ = {isa = PBXFileReference; lastKnownFileType = sourcecode.swift; path = FavoriteButton.swift; sourceTree = "<group>"; };
		1B6A6BE82B30733100ECF91C /* CircleImage.swift */ = {isa = PBXFileReference; lastKnownFileType = sourcecode.swift; path = CircleImage.swift; sourceTree = "<group>"; };
		1B6A6BEA2B30744400ECF91C /* MapView.swift */ = {isa = PBXFileReference; lastKnownFileType = sourcecode.swift; path = MapView.swift; sourceTree = "<group>"; };
		1B6A6BEC2B307BFF00ECF91C /* landmarkData.json */ = {isa = PBXFileReference; fileEncoding = 4; lastKnownFileType = text.json; path = landmarkData.json; sourceTree = "<group>"; };
		1B6A6BEE2B307BFF00ECF91C /* umbagog@2x.jpg */ = {isa = PBXFileReference; lastKnownFileType = image.jpeg; path = "umbagog@2x.jpg"; sourceTree = "<group>"; };
		1B6A6BEF2B307BFF00ECF91C /* twinlake@2x.jpg */ = {isa = PBXFileReference; lastKnownFileType = image.jpeg; path = "twinlake@2x.jpg"; sourceTree = "<group>"; };
		1B6A6BF02B307BFF00ECF91C /* chincoteague@2x.jpg */ = {isa = PBXFileReference; lastKnownFileType = image.jpeg; path = "chincoteague@2x.jpg"; sourceTree = "<group>"; };
		1B6A6BF12B307BFF00ECF91C /* lakemcdonald@2x.jpg */ = {isa = PBXFileReference; lastKnownFileType = image.jpeg; path = "lakemcdonald@2x.jpg"; sourceTree = "<group>"; };
		1B6A6BF22B307BFF00ECF91C /* silversalmoncreek@2x.jpg */ = {isa = PBXFileReference; lastKnownFileType = image.jpeg; path = "silversalmoncreek@2x.jpg"; sourceTree = "<group>"; };
		1B6A6BF32B307BFF00ECF91C /* icybay@2x.jpg */ = {isa = PBXFileReference; lastKnownFileType = image.jpeg; path = "icybay@2x.jpg"; sourceTree = "<group>"; };
		1B6A6BF42B307BFF00ECF91C /* hiddenlake@2x.jpg */ = {isa = PBXFileReference; lastKnownFileType = image.jpeg; path = "hiddenlake@2x.jpg"; sourceTree = "<group>"; };
		1B6A6BF52B307BFF00ECF91C /* chilkoottrail@2x.jpg */ = {isa = PBXFileReference; lastKnownFileType = image.jpeg; path = "chilkoottrail@2x.jpg"; sourceTree = "<group>"; };
		1B6A6BF62B307BFF00ECF91C /* stmarylake@2x.jpg */ = {isa = PBXFileReference; lastKnownFileType = image.jpeg; path = "stmarylake@2x.jpg"; sourceTree = "<group>"; };
		1B6A6BF72B307BFF00ECF91C /* charleyrivers@2x.jpg */ = {isa = PBXFileReference; lastKnownFileType = image.jpeg; path = "charleyrivers@2x.jpg"; sourceTree = "<group>"; };
		1B6A6BF82B307BFF00ECF91C /* rainbowlake@2x.jpg */ = {isa = PBXFileReference; lastKnownFileType = image.jpeg; path = "rainbowlake@2x.jpg"; sourceTree = "<group>"; };
		1B6A6C082B307C1C00ECF91C /* Landmark.swift */ = {isa = PBXFileReference; lastKnownFileType = sourcecode.swift; path = Landmark.swift; sourceTree = "<group>"; };
		1B6A6C0A2B307F3500ECF91C /* ModelData.swift */ = {isa = PBXFileReference; lastKnownFileType = sourcecode.swift; path = ModelData.swift; sourceTree = "<group>"; };
		1B6A6C122B3081B000ECF91C /* LandmarkRow.swift */ = {isa = PBXFileReference; lastKnownFileType = sourcecode.swift; path = LandmarkRow.swift; sourceTree = "<group>"; };
		1BC8232B2B35B33600D23EAF /* UserDefaultsWrapper.swift */ = {isa = PBXFileReference; lastKnownFileType = sourcecode.swift; path = UserDefaultsWrapper.swift; sourceTree = "<group>"; };
		1BF50F992B30543D00848377 /* SwiftUIFirst.app */ = {isa = PBXFileReference; explicitFileType = wrapper.application; includeInIndex = 0; path = SwiftUIFirst.app; sourceTree = BUILT_PRODUCTS_DIR; };
		1BF50F9C2B30543D00848377 /* SwiftUIFirstApp.swift */ = {isa = PBXFileReference; lastKnownFileType = sourcecode.swift; path = SwiftUIFirstApp.swift; sourceTree = "<group>"; };
		1BF50F9E2B30543D00848377 /* ContentView.swift */ = {isa = PBXFileReference; lastKnownFileType = sourcecode.swift; path = ContentView.swift; sourceTree = "<group>"; };
		1BF50FA02B30543E00848377 /* Assets.xcassets */ = {isa = PBXFileReference; lastKnownFileType = folder.assetcatalog; path = Assets.xcassets; sourceTree = "<group>"; };
		1BF50FA32B30543E00848377 /* Preview Assets.xcassets */ = {isa = PBXFileReference; lastKnownFileType = folder.assetcatalog; path = "Preview Assets.xcassets"; sourceTree = "<group>"; };
		1BF50FA92B30543E00848377 /* SwiftUIFirstTests.xctest */ = {isa = PBXFileReference; explicitFileType = wrapper.cfbundle; includeInIndex = 0; path = SwiftUIFirstTests.xctest; sourceTree = BUILT_PRODUCTS_DIR; };
		1BF50FAD2B30543E00848377 /* SwiftUIFirstTests.swift */ = {isa = PBXFileReference; lastKnownFileType = sourcecode.swift; path = SwiftUIFirstTests.swift; sourceTree = "<group>"; };
		1BF50FB32B30543E00848377 /* SwiftUIFirstUITests.xctest */ = {isa = PBXFileReference; explicitFileType = wrapper.cfbundle; includeInIndex = 0; path = SwiftUIFirstUITests.xctest; sourceTree = BUILT_PRODUCTS_DIR; };
		1BF50FB72B30543E00848377 /* SwiftUIFirstUITests.swift */ = {isa = PBXFileReference; lastKnownFileType = sourcecode.swift; path = SwiftUIFirstUITests.swift; sourceTree = "<group>"; };
		1BF50FB92B30543E00848377 /* SwiftUIFirstUITestsLaunchTests.swift */ = {isa = PBXFileReference; lastKnownFileType = sourcecode.swift; path = SwiftUIFirstUITestsLaunchTests.swift; sourceTree = "<group>"; };
/* End PBXFileReference section */

/* Begin PBXFrameworksBuildPhase section */
		1BF50F962B30543D00848377 /* Frameworks */ = {
			isa = PBXFrameworksBuildPhase;
			buildActionMask = 2147483647;
			files = (
			);
			runOnlyForDeploymentPostprocessing = 0;
		};
		1BF50FA62B30543E00848377 /* Frameworks */ = {
			isa = PBXFrameworksBuildPhase;
			buildActionMask = 2147483647;
			files = (
			);
			runOnlyForDeploymentPostprocessing = 0;
		};
		1BF50FB02B30543E00848377 /* Frameworks */ = {
			isa = PBXFrameworksBuildPhase;
			buildActionMask = 2147483647;
			files = (
			);
			runOnlyForDeploymentPostprocessing = 0;
		};
/* End PBXFrameworksBuildPhase section */

/* Begin PBXGroup section */
		1B3818762B357F390057A817 /* Landmarks */ = {
			isa = PBXGroup;
			children = (
				1B6A6C122B3081B000ECF91C /* LandmarkRow.swift */,
				1B3818702B34702A0057A817 /* LandmarkList.swift */,
				1B3818722B3474370057A817 /* LandmarkDetail.swift */,
			);
			path = Landmarks;
			sourceTree = "<group>";
		};
		1B3818772B357F460057A817 /* Helper */ = {
			isa = PBXGroup;
			children = (
				1B6A6BE82B30733100ECF91C /* CircleImage.swift */,
				1B6A6BEA2B30744400ECF91C /* MapView.swift */,
				1B3818742B357E1B0057A817 /* FavoriteButton.swift */,
			);
			path = Helper;
			sourceTree = "<group>";
		};
		1B6A6BED2B307BFF00ECF91C /* Images */ = {
			isa = PBXGroup;
			children = (
				1B6A6BEE2B307BFF00ECF91C /* umbagog@2x.jpg */,
				1B6A6BEF2B307BFF00ECF91C /* twinlake@2x.jpg */,
				1B6A6BF02B307BFF00ECF91C /* chincoteague@2x.jpg */,
				1B6A6BF12B307BFF00ECF91C /* lakemcdonald@2x.jpg */,
				1B6A6BF22B307BFF00ECF91C /* silversalmoncreek@2x.jpg */,
				1B6A6BF32B307BFF00ECF91C /* icybay@2x.jpg */,
				1B6A6BF42B307BFF00ECF91C /* hiddenlake@2x.jpg */,
				1B6A6BF52B307BFF00ECF91C /* chilkoottrail@2x.jpg */,
				1B6A6BF62B307BFF00ECF91C /* stmarylake@2x.jpg */,
				1B6A6BF72B307BFF00ECF91C /* charleyrivers@2x.jpg */,
				1B6A6BF82B307BFF00ECF91C /* rainbowlake@2x.jpg */,
			);
			path = Images;
			sourceTree = "<group>";
		};
		1B6A6BF92B307BFF00ECF91C /* LICENSE */ = {
			isa = PBXGroup;
			children = (
			);
			path = LICENSE;
			sourceTree = "<group>";
		};
		1B6A6C0D2B30813100ECF91C /* Views */ = {
			isa = PBXGroup;
			children = (
				1BF50F9E2B30543D00848377 /* ContentView.swift */,
				1B3818762B357F390057A817 /* Landmarks */,
				1B3818772B357F460057A817 /* Helper */,
			);
			path = Views;
			sourceTree = "<group>";
		};
		1B6A6C0E2B30814700ECF91C /* Model */ = {
			isa = PBXGroup;
			children = (
				1B6A6C082B307C1C00ECF91C /* Landmark.swift */,
				1B6A6C0A2B307F3500ECF91C /* ModelData.swift */,
				1BC8232B2B35B33600D23EAF /* UserDefaultsWrapper.swift */,
			);
			path = Model;
			sourceTree = "<group>";
		};
		1B6A6C0F2B30815000ECF91C /* Resources */ = {
			isa = PBXGroup;
			children = (
				1B6A6BEC2B307BFF00ECF91C /* landmarkData.json */,
			);
			path = Resources;
			sourceTree = "<group>";
		};
		1BF50F902B30543D00848377 = {
			isa = PBXGroup;
			children = (
				1BF50F9B2B30543D00848377 /* SwiftUIFirst */,
				1BF50FAC2B30543E00848377 /* SwiftUIFirstTests */,
				1BF50FB62B30543E00848377 /* SwiftUIFirstUITests */,
				1BF50F9A2B30543D00848377 /* Products */,
			);
			sourceTree = "<group>";
		};
		1BF50F9A2B30543D00848377 /* Products */ = {
			isa = PBXGroup;
			children = (
				1BF50F992B30543D00848377 /* SwiftUIFirst.app */,
				1BF50FA92B30543E00848377 /* SwiftUIFirstTests.xctest */,
				1BF50FB32B30543E00848377 /* SwiftUIFirstUITests.xctest */,
			);
			name = Products;
			sourceTree = "<group>";
		};
		1BF50F9B2B30543D00848377 /* SwiftUIFirst */ = {
			isa = PBXGroup;
			children = (
				1BF50F9C2B30543D00848377 /* SwiftUIFirstApp.swift */,
				1B6A6C0E2B30814700ECF91C /* Model */,
				1B6A6C0D2B30813100ECF91C /* Views */,
				1B6A6C0F2B30815000ECF91C /* Resources */,
				1BF50FA02B30543E00848377 /* Assets.xcassets */,
				1B6A6BED2B307BFF00ECF91C /* Images */,
				1B6A6BF92B307BFF00ECF91C /* LICENSE */,
				1BF50FA22B30543E00848377 /* Preview Content */,
			);
			path = SwiftUIFirst;
			sourceTree = "<group>";
		};
		1BF50FA22B30543E00848377 /* Preview Content */ = {
			isa = PBXGroup;
			children = (
				1BF50FA32B30543E00848377 /* Preview Assets.xcassets */,
			);
			path = "Preview Content";
			sourceTree = "<group>";
		};
		1BF50FAC2B30543E00848377 /* SwiftUIFirstTests */ = {
			isa = PBXGroup;
			children = (
				1BF50FAD2B30543E00848377 /* SwiftUIFirstTests.swift */,
			);
			path = SwiftUIFirstTests;
			sourceTree = "<group>";
		};
		1BF50FB62B30543E00848377 /* SwiftUIFirstUITests */ = {
			isa = PBXGroup;
			children = (
				1BF50FB72B30543E00848377 /* SwiftUIFirstUITests.swift */,
				1BF50FB92B30543E00848377 /* SwiftUIFirstUITestsLaunchTests.swift */,
			);
			path = SwiftUIFirstUITests;
			sourceTree = "<group>";
		};
/* End PBXGroup section */

/* Begin PBXNativeTarget section */
		1BF50F982B30543D00848377 /* SwiftUIFirst */ = {
			isa = PBXNativeTarget;
			buildConfigurationList = 1BF50FBD2B30543E00848377 /* Build configuration list for PBXNativeTarget "SwiftUIFirst" */;
			buildPhases = (
				1BF50F952B30543D00848377 /* Sources */,
				1BF50F962B30543D00848377 /* Frameworks */,
				1BF50F972B30543D00848377 /* Resources */,
			);
			buildRules = (
			);
			dependencies = (
			);
			name = SwiftUIFirst;
			productName = SwiftUIFirst;
			productReference = 1BF50F992B30543D00848377 /* SwiftUIFirst.app */;
			productType = "com.apple.product-type.application";
		};
		1BF50FA82B30543E00848377 /* SwiftUIFirstTests */ = {
			isa = PBXNativeTarget;
			buildConfigurationList = 1BF50FC02B30543E00848377 /* Build configuration list for PBXNativeTarget "SwiftUIFirstTests" */;
			buildPhases = (
				1BF50FA52B30543E00848377 /* Sources */,
				1BF50FA62B30543E00848377 /* Frameworks */,
				1BF50FA72B30543E00848377 /* Resources */,
			);
			buildRules = (
			);
			dependencies = (
				1BF50FAB2B30543E00848377 /* PBXTargetDependency */,
			);
			name = SwiftUIFirstTests;
			productName = SwiftUIFirstTests;
			productReference = 1BF50FA92B30543E00848377 /* SwiftUIFirstTests.xctest */;
			productType = "com.apple.product-type.bundle.unit-test";
		};
		1BF50FB22B30543E00848377 /* SwiftUIFirstUITests */ = {
			isa = PBXNativeTarget;
			buildConfigurationList = 1BF50FC32B30543E00848377 /* Build configuration list for PBXNativeTarget "SwiftUIFirstUITests" */;
			buildPhases = (
				1BF50FAF2B30543E00848377 /* Sources */,
				1BF50FB02B30543E00848377 /* Frameworks */,
				1BF50FB12B30543E00848377 /* Resources */,
			);
			buildRules = (
			);
			dependencies = (
				1BF50FB52B30543E00848377 /* PBXTargetDependency */,
			);
			name = SwiftUIFirstUITests;
			productName = SwiftUIFirstUITests;
			productReference = 1BF50FB32B30543E00848377 /* SwiftUIFirstUITests.xctest */;
			productType = "com.apple.product-type.bundle.ui-testing";
		};
/* End PBXNativeTarget section */

/* Begin PBXProject section */
		1BF50F912B30543D00848377 /* Project object */ = {
			isa = PBXProject;
			attributes = {
				BuildIndependentTargetsInParallel = 1;
				LastSwiftUpdateCheck = 1430;
				LastUpgradeCheck = 1430;
				TargetAttributes = {
					1BF50F982B30543D00848377 = {
						CreatedOnToolsVersion = 14.3.1;
					};
					1BF50FA82B30543E00848377 = {
						CreatedOnToolsVersion = 14.3.1;
						TestTargetID = 1BF50F982B30543D00848377;
					};
					1BF50FB22B30543E00848377 = {
						CreatedOnToolsVersion = 14.3.1;
						TestTargetID = 1BF50F982B30543D00848377;
					};
				};
			};
			buildConfigurationList = 1BF50F942B30543D00848377 /* Build configuration list for PBXProject "SwiftUIFirst" */;
			compatibilityVersion = "Xcode 14.0";
			developmentRegion = en;
			hasScannedForEncodings = 0;
			knownRegions = (
				en,
				Base,
			);
			mainGroup = 1BF50F902B30543D00848377;
			productRefGroup = 1BF50F9A2B30543D00848377 /* Products */;
			projectDirPath = "";
			projectRoot = "";
			targets = (
				1BF50F982B30543D00848377 /* SwiftUIFirst */,
				1BF50FA82B30543E00848377 /* SwiftUIFirstTests */,
				1BF50FB22B30543E00848377 /* SwiftUIFirstUITests */,
			);
		};
/* End PBXProject section */

/* Begin PBXResourcesBuildPhase section */
		1BF50F972B30543D00848377 /* Resources */ = {
			isa = PBXResourcesBuildPhase;
			buildActionMask = 2147483647;
			files = (
				1B6A6C052B307BFF00ECF91C /* charleyrivers@2x.jpg in Resources */,
				1BF50FA42B30543E00848377 /* Preview Assets.xcassets in Resources */,
				1B6A6C022B307BFF00ECF91C /* hiddenlake@2x.jpg in Resources */,
				1B6A6BFC2B307BFF00ECF91C /* umbagog@2x.jpg in Resources */,
				1B6A6C062B307BFF00ECF91C /* rainbowlake@2x.jpg in Resources */,
				1B6A6C012B307BFF00ECF91C /* icybay@2x.jpg in Resources */,
				1B6A6C002B307BFF00ECF91C /* silversalmoncreek@2x.jpg in Resources */,
				1BF50FA12B30543E00848377 /* Assets.xcassets in Resources */,
				1B6A6BFD2B307BFF00ECF91C /* twinlake@2x.jpg in Resources */,
				1B6A6C042B307BFF00ECF91C /* stmarylake@2x.jpg in Resources */,
				1B6A6BFF2B307BFF00ECF91C /* lakemcdonald@2x.jpg in Resources */,
				1B6A6C032B307BFF00ECF91C /* chilkoottrail@2x.jpg in Resources */,
				1B6A6BFB2B307BFF00ECF91C /* landmarkData.json in Resources */,
				1B6A6BFE2B307BFF00ECF91C /* chincoteague@2x.jpg in Resources */,
			);
			runOnlyForDeploymentPostprocessing = 0;
		};
		1BF50FA72B30543E00848377 /* Resources */ = {
			isa = PBXResourcesBuildPhase;
			buildActionMask = 2147483647;
			files = (
			);
			runOnlyForDeploymentPostprocessing = 0;
		};
		1BF50FB12B30543E00848377 /* Resources */ = {
			isa = PBXResourcesBuildPhase;
			buildActionMask = 2147483647;
			files = (
			);
			runOnlyForDeploymentPostprocessing = 0;
		};
/* End PBXResourcesBuildPhase section */

/* Begin PBXSourcesBuildPhase section */
		1BF50F952B30543D00848377 /* Sources */ = {
			isa = PBXSourcesBuildPhase;
			buildActionMask = 2147483647;
			files = (
				1BF50F9F2B30543D00848377 /* ContentView.swift in Sources */,
				1B6A6BEB2B30744400ECF91C /* MapView.swift in Sources */,
				1BF50F9D2B30543D00848377 /* SwiftUIFirstApp.swift in Sources */,
				1B3818752B357E1B0057A817 /* FavoriteButton.swift in Sources */,
				1BC8232C2B35B33600D23EAF /* UserDefaultsWrapper.swift in Sources */,
				1B3818712B34702A0057A817 /* LandmarkList.swift in Sources */,
				1B3818732B3474370057A817 /* LandmarkDetail.swift in Sources */,
				1B6A6BE92B30733100ECF91C /* CircleImage.swift in Sources */,
				1B6A6C092B307C1C00ECF91C /* Landmark.swift in Sources */,
				1B6A6C132B3081B000ECF91C /* LandmarkRow.swift in Sources */,
				1B6A6C0B2B307F3500ECF91C /* ModelData.swift in Sources */,
			);
			runOnlyForDeploymentPostprocessing = 0;
		};
		1BF50FA52B30543E00848377 /* Sources */ = {
			isa = PBXSourcesBuildPhase;
			buildActionMask = 2147483647;
			files = (
				1BF50FAE2B30543E00848377 /* SwiftUIFirstTests.swift in Sources */,
			);
			runOnlyForDeploymentPostprocessing = 0;
		};
		1BF50FAF2B30543E00848377 /* Sources */ = {
			isa = PBXSourcesBuildPhase;
			buildActionMask = 2147483647;
			files = (
				1BF50FB82B30543E00848377 /* SwiftUIFirstUITests.swift in Sources */,
				1BF50FBA2B30543E00848377 /* SwiftUIFirstUITestsLaunchTests.swift in Sources */,
			);
			runOnlyForDeploymentPostprocessing = 0;
		};
/* End PBXSourcesBuildPhase section */

/* Begin PBXTargetDependency section */
		1BF50FAB2B30543E00848377 /* PBXTargetDependency */ = {
			isa = PBXTargetDependency;
			target = 1BF50F982B30543D00848377 /* SwiftUIFirst */;
			targetProxy = 1BF50FAA2B30543E00848377 /* PBXContainerItemProxy */;
		};
		1BF50FB52B30543E00848377 /* PBXTargetDependency */ = {
			isa = PBXTargetDependency;
			target = 1BF50F982B30543D00848377 /* SwiftUIFirst */;
			targetProxy = 1BF50FB42B30543E00848377 /* PBXContainerItemProxy */;
		};
/* End PBXTargetDependency section */

/* Begin XCBuildConfiguration section */
		1BF50FBB2B30543E00848377 /* Debug */ = {
			isa = XCBuildConfiguration;
			buildSettings = {
				ALWAYS_SEARCH_USER_PATHS = NO;
				CLANG_ANALYZER_NONNULL = YES;
				CLANG_ANALYZER_NUMBER_OBJECT_CONVERSION = YES_AGGRESSIVE;
				CLANG_CXX_LANGUAGE_STANDARD = "gnu++20";
				CLANG_ENABLE_MODULES = YES;
				CLANG_ENABLE_OBJC_ARC = YES;
				CLANG_ENABLE_OBJC_WEAK = YES;
				CLANG_WARN_BLOCK_CAPTURE_AUTORELEASING = YES;
				CLANG_WARN_BOOL_CONVERSION = YES;
				CLANG_WARN_COMMA = YES;
				CLANG_WARN_CONSTANT_CONVERSION = YES;
				CLANG_WARN_DEPRECATED_OBJC_IMPLEMENTATIONS = YES;
				CLANG_WARN_DIRECT_OBJC_ISA_USAGE = YES_ERROR;
				CLANG_WARN_DOCUMENTATION_COMMENTS = YES;
				CLANG_WARN_EMPTY_BODY = YES;
				CLANG_WARN_ENUM_CONVERSION = YES;
				CLANG_WARN_INFINITE_RECURSION = YES;
				CLANG_WARN_INT_CONVERSION = YES;
				CLANG_WARN_NON_LITERAL_NULL_CONVERSION = YES;
				CLANG_WARN_OBJC_IMPLICIT_RETAIN_SELF = YES;
				CLANG_WARN_OBJC_LITERAL_CONVERSION = YES;
				CLANG_WARN_OBJC_ROOT_CLASS = YES_ERROR;
				CLANG_WARN_QUOTED_INCLUDE_IN_FRAMEWORK_HEADER = YES;
				CLANG_WARN_RANGE_LOOP_ANALYSIS = YES;
				CLANG_WARN_STRICT_PROTOTYPES = YES;
				CLANG_WARN_SUSPICIOUS_MOVE = YES;
				CLANG_WARN_UNGUARDED_AVAILABILITY = YES_AGGRESSIVE;
				CLANG_WARN_UNREACHABLE_CODE = YES;
				CLANG_WARN__DUPLICATE_METHOD_MATCH = YES;
				COPY_PHASE_STRIP = NO;
				DEBUG_INFORMATION_FORMAT = dwarf;
				ENABLE_STRICT_OBJC_MSGSEND = YES;
				ENABLE_TESTABILITY = YES;
				GCC_C_LANGUAGE_STANDARD = gnu11;
				GCC_DYNAMIC_NO_PIC = NO;
				GCC_NO_COMMON_BLOCKS = YES;
				GCC_OPTIMIZATION_LEVEL = 0;
				GCC_PREPROCESSOR_DEFINITIONS = (
					"DEBUG=1",
					"$(inherited)",
				);
				GCC_WARN_64_TO_32_BIT_CONVERSION = YES;
				GCC_WARN_ABOUT_RETURN_TYPE = YES_ERROR;
				GCC_WARN_UNDECLARED_SELECTOR = YES;
				GCC_WARN_UNINITIALIZED_AUTOS = YES_AGGRESSIVE;
				GCC_WARN_UNUSED_FUNCTION = YES;
				GCC_WARN_UNUSED_VARIABLE = YES;
				IPHONEOS_DEPLOYMENT_TARGET = 16.4;
				MTL_ENABLE_DEBUG_INFO = INCLUDE_SOURCE;
				MTL_FAST_MATH = YES;
				ONLY_ACTIVE_ARCH = YES;
				SDKROOT = iphoneos;
				SWIFT_ACTIVE_COMPILATION_CONDITIONS = DEBUG;
				SWIFT_OPTIMIZATION_LEVEL = "-Onone";
			};
			name = Debug;
		};
		1BF50FBC2B30543E00848377 /* Release */ = {
			isa = XCBuildConfiguration;
			buildSettings = {
				ALWAYS_SEARCH_USER_PATHS = NO;
				CLANG_ANALYZER_NONNULL = YES;
				CLANG_ANALYZER_NUMBER_OBJECT_CONVERSION = YES_AGGRESSIVE;
				CLANG_CXX_LANGUAGE_STANDARD = "gnu++20";
				CLANG_ENABLE_MODULES = YES;
				CLANG_ENABLE_OBJC_ARC = YES;
				CLANG_ENABLE_OBJC_WEAK = YES;
				CLANG_WARN_BLOCK_CAPTURE_AUTORELEASING = YES;
				CLANG_WARN_BOOL_CONVERSION = YES;
				CLANG_WARN_COMMA = YES;
				CLANG_WARN_CONSTANT_CONVERSION = YES;
				CLANG_WARN_DEPRECATED_OBJC_IMPLEMENTATIONS = YES;
				CLANG_WARN_DIRECT_OBJC_ISA_USAGE = YES_ERROR;
				CLANG_WARN_DOCUMENTATION_COMMENTS = YES;
				CLANG_WARN_EMPTY_BODY = YES;
				CLANG_WARN_ENUM_CONVERSION = YES;
				CLANG_WARN_INFINITE_RECURSION = YES;
				CLANG_WARN_INT_CONVERSION = YES;
				CLANG_WARN_NON_LITERAL_NULL_CONVERSION = YES;
				CLANG_WARN_OBJC_IMPLICIT_RETAIN_SELF = YES;
				CLANG_WARN_OBJC_LITERAL_CONVERSION = YES;
				CLANG_WARN_OBJC_ROOT_CLASS = YES_ERROR;
				CLANG_WARN_QUOTED_INCLUDE_IN_FRAMEWORK_HEADER = YES;
				CLANG_WARN_RANGE_LOOP_ANALYSIS = YES;
				CLANG_WARN_STRICT_PROTOTYPES = YES;
				CLANG_WARN_SUSPICIOUS_MOVE = YES;
				CLANG_WARN_UNGUARDED_AVAILABILITY = YES_AGGRESSIVE;
				CLANG_WARN_UNREACHABLE_CODE = YES;
				CLANG_WARN__DUPLICATE_METHOD_MATCH = YES;
				COPY_PHASE_STRIP = NO;
				DEBUG_INFORMATION_FORMAT = "dwarf-with-dsym";
				ENABLE_NS_ASSERTIONS = NO;
				ENABLE_STRICT_OBJC_MSGSEND = YES;
				GCC_C_LANGUAGE_STANDARD = gnu11;
				GCC_NO_COMMON_BLOCKS = YES;
				GCC_WARN_64_TO_32_BIT_CONVERSION = YES;
				GCC_WARN_ABOUT_RETURN_TYPE = YES_ERROR;
				GCC_WARN_UNDECLARED_SELECTOR = YES;
				GCC_WARN_UNINITIALIZED_AUTOS = YES_AGGRESSIVE;
				GCC_WARN_UNUSED_FUNCTION = YES;
				GCC_WARN_UNUSED_VARIABLE = YES;
				IPHONEOS_DEPLOYMENT_TARGET = 16.4;
				MTL_ENABLE_DEBUG_INFO = NO;
				MTL_FAST_MATH = YES;
				SDKROOT = iphoneos;
				SWIFT_COMPILATION_MODE = wholemodule;
				SWIFT_OPTIMIZATION_LEVEL = "-O";
				VALIDATE_PRODUCT = YES;
			};
			name = Release;
		};
		1BF50FBE2B30543E00848377 /* Debug */ = {
			isa = XCBuildConfiguration;
			buildSettings = {
				ASSETCATALOG_COMPILER_APPICON_NAME = AppIcon;
				ASSETCATALOG_COMPILER_GLOBAL_ACCENT_COLOR_NAME = AccentColor;
				CODE_SIGN_STYLE = Automatic;
				CURRENT_PROJECT_VERSION = 1;
				DEVELOPMENT_ASSET_PATHS = "\"SwiftUIFirst/Preview Content\"";
				ENABLE_PREVIEWS = YES;
				GENERATE_INFOPLIST_FILE = YES;
				INFOPLIST_KEY_UIApplicationSceneManifest_Generation = YES;
				INFOPLIST_KEY_UIApplicationSupportsIndirectInputEvents = YES;
				INFOPLIST_KEY_UILaunchScreen_Generation = YES;
				INFOPLIST_KEY_UISupportedInterfaceOrientations_iPad = "UIInterfaceOrientationPortrait UIInterfaceOrientationPortraitUpsideDown UIInterfaceOrientationLandscapeLeft UIInterfaceOrientationLandscapeRight";
				INFOPLIST_KEY_UISupportedInterfaceOrientations_iPhone = "UIInterfaceOrientationPortrait UIInterfaceOrientationLandscapeLeft UIInterfaceOrientationLandscapeRight";
				LD_RUNPATH_SEARCH_PATHS = (
					"$(inherited)",
					"@executable_path/Frameworks",
				);
				MARKETING_VERSION = 1.0;
				PRODUCT_BUNDLE_IDENTIFIER = ru.akhmetgarevv.SwiftUIFirst;
				PRODUCT_NAME = "$(TARGET_NAME)";
				SWIFT_EMIT_LOC_STRINGS = YES;
				SWIFT_VERSION = 5.0;
				TARGETED_DEVICE_FAMILY = "1,2";
			};
			name = Debug;
		};
		1BF50FBF2B30543E00848377 /* Release */ = {
			isa = XCBuildConfiguration;
			buildSettings = {
				ASSETCATALOG_COMPILER_APPICON_NAME = AppIcon;
				ASSETCATALOG_COMPILER_GLOBAL_ACCENT_COLOR_NAME = AccentColor;
				CODE_SIGN_STYLE = Automatic;
				CURRENT_PROJECT_VERSION = 1;
				DEVELOPMENT_ASSET_PATHS = "\"SwiftUIFirst/Preview Content\"";
				ENABLE_PREVIEWS = YES;
				GENERATE_INFOPLIST_FILE = YES;
				INFOPLIST_KEY_UIApplicationSceneManifest_Generation = YES;
				INFOPLIST_KEY_UIApplicationSupportsIndirectInputEvents = YES;
				INFOPLIST_KEY_UILaunchScreen_Generation = YES;
				INFOPLIST_KEY_UISupportedInterfaceOrientations_iPad = "UIInterfaceOrientationPortrait UIInterfaceOrientationPortraitUpsideDown UIInterfaceOrientationLandscapeLeft UIInterfaceOrientationLandscapeRight";
				INFOPLIST_KEY_UISupportedInterfaceOrientations_iPhone = "UIInterfaceOrientationPortrait UIInterfaceOrientationLandscapeLeft UIInterfaceOrientationLandscapeRight";
				LD_RUNPATH_SEARCH_PATHS = (
					"$(inherited)",
					"@executable_path/Frameworks",
				);
				MARKETING_VERSION = 1.0;
				PRODUCT_BUNDLE_IDENTIFIER = ru.akhmetgarevv.SwiftUIFirst;
				PRODUCT_NAME = "$(TARGET_NAME)";
				SWIFT_EMIT_LOC_STRINGS = YES;
				SWIFT_VERSION = 5.0;
				TARGETED_DEVICE_FAMILY = "1,2";
			};
			name = Release;
		};
		1BF50FC12B30543E00848377 /* Debug */ = {
			isa = XCBuildConfiguration;
			buildSettings = {
				ALWAYS_EMBED_SWIFT_STANDARD_LIBRARIES = YES;
				BUNDLE_LOADER = "$(TEST_HOST)";
				CODE_SIGN_STYLE = Automatic;
				CURRENT_PROJECT_VERSION = 1;
				GENERATE_INFOPLIST_FILE = YES;
				IPHONEOS_DEPLOYMENT_TARGET = 16.4;
				MARKETING_VERSION = 1.0;
				PRODUCT_BUNDLE_IDENTIFIER = ru.akhmetgarevv.SwiftUIFirstTests;
				PRODUCT_NAME = "$(TARGET_NAME)";
				SWIFT_EMIT_LOC_STRINGS = NO;
				SWIFT_VERSION = 5.0;
				TARGETED_DEVICE_FAMILY = "1,2";
				TEST_HOST = "$(BUILT_PRODUCTS_DIR)/SwiftUIFirst.app/$(BUNDLE_EXECUTABLE_FOLDER_PATH)/SwiftUIFirst";
			};
			name = Debug;
		};
		1BF50FC22B30543E00848377 /* Release */ = {
			isa = XCBuildConfiguration;
			buildSettings = {
				ALWAYS_EMBED_SWIFT_STANDARD_LIBRARIES = YES;
				BUNDLE_LOADER = "$(TEST_HOST)";
				CODE_SIGN_STYLE = Automatic;
				CURRENT_PROJECT_VERSION = 1;
				GENERATE_INFOPLIST_FILE = YES;
				IPHONEOS_DEPLOYMENT_TARGET = 16.4;
				MARKETING_VERSION = 1.0;
				PRODUCT_BUNDLE_IDENTIFIER = ru.akhmetgarevv.SwiftUIFirstTests;
				PRODUCT_NAME = "$(TARGET_NAME)";
				SWIFT_EMIT_LOC_STRINGS = NO;
				SWIFT_VERSION = 5.0;
				TARGETED_DEVICE_FAMILY = "1,2";
				TEST_HOST = "$(BUILT_PRODUCTS_DIR)/SwiftUIFirst.app/$(BUNDLE_EXECUTABLE_FOLDER_PATH)/SwiftUIFirst";
			};
			name = Release;
		};
		1BF50FC42B30543E00848377 /* Debug */ = {
			isa = XCBuildConfiguration;
			buildSettings = {
				ALWAYS_EMBED_SWIFT_STANDARD_LIBRARIES = YES;
				CODE_SIGN_STYLE = Automatic;
				CURRENT_PROJECT_VERSION = 1;
				GENERATE_INFOPLIST_FILE = YES;
				MARKETING_VERSION = 1.0;
				PRODUCT_BUNDLE_IDENTIFIER = ru.akhmetgarevv.SwiftUIFirstUITests;
				PRODUCT_NAME = "$(TARGET_NAME)";
				SWIFT_EMIT_LOC_STRINGS = NO;
				SWIFT_VERSION = 5.0;
				TARGETED_DEVICE_FAMILY = "1,2";
				TEST_TARGET_NAME = SwiftUIFirst;
			};
			name = Debug;
		};
		1BF50FC52B30543E00848377 /* Release */ = {
			isa = XCBuildConfiguration;
			buildSettings = {
				ALWAYS_EMBED_SWIFT_STANDARD_LIBRARIES = YES;
				CODE_SIGN_STYLE = Automatic;
				CURRENT_PROJECT_VERSION = 1;
				GENERATE_INFOPLIST_FILE = YES;
				MARKETING_VERSION = 1.0;
				PRODUCT_BUNDLE_IDENTIFIER = ru.akhmetgarevv.SwiftUIFirstUITests;
				PRODUCT_NAME = "$(TARGET_NAME)";
				SWIFT_EMIT_LOC_STRINGS = NO;
				SWIFT_VERSION = 5.0;
				TARGETED_DEVICE_FAMILY = "1,2";
				TEST_TARGET_NAME = SwiftUIFirst;
			};
			name = Release;
		};
/* End XCBuildConfiguration section */

/* Begin XCConfigurationList section */
		1BF50F942B30543D00848377 /* Build configuration list for PBXProject "SwiftUIFirst" */ = {
			isa = XCConfigurationList;
			buildConfigurations = (
				1BF50FBB2B30543E00848377 /* Debug */,
				1BF50FBC2B30543E00848377 /* Release */,
			);
			defaultConfigurationIsVisible = 0;
			defaultConfigurationName = Release;
		};
		1BF50FBD2B30543E00848377 /* Build configuration list for PBXNativeTarget "SwiftUIFirst" */ = {
			isa = XCConfigurationList;
			buildConfigurations = (
				1BF50FBE2B30543E00848377 /* Debug */,
				1BF50FBF2B30543E00848377 /* Release */,
			);
			defaultConfigurationIsVisible = 0;
			defaultConfigurationName = Release;
		};
		1BF50FC02B30543E00848377 /* Build configuration list for PBXNativeTarget "SwiftUIFirstTests" */ = {
			isa = XCConfigurationList;
			buildConfigurations = (
				1BF50FC12B30543E00848377 /* Debug */,
				1BF50FC22B30543E00848377 /* Release */,
			);
			defaultConfigurationIsVisible = 0;
			defaultConfigurationName = Release;
		};
		1BF50FC32B30543E00848377 /* Build configuration list for PBXNativeTarget "SwiftUIFirstUITests" */ = {
			isa = XCConfigurationList;
			buildConfigurations = (
				1BF50FC42B30543E00848377 /* Debug */,
				1BF50FC52B30543E00848377 /* Release */,
			);
			defaultConfigurationIsVisible = 0;
			defaultConfigurationName = Release;
		};
/* End XCConfigurationList section */
	};
	rootObject = 1BF50F912B30543D00848377 /* Project object */;
}
